<?xml version="1.0" encoding="utf-8"?>
<Project ToolsVersion="4.0" xmlns="http://schemas.microsoft.com/developer/msbuild/2003">
  <ItemGroup>
    <Filter Include="src">
      <UniqueIdentifier>{4FC737F1-C7A5-4376-A066-2A32D752A2FF}</UniqueIdentifier>
      <Extensions>cpp;c;cc;cxx;def;odl;idl;hpj;bat;asm;asmx</Extensions>
    </Filter>
    <Filter Include="src\constants">
      <UniqueIdentifier>{59e039f4-7684-42d5-a23f-57dd7899786b}</UniqueIdentifier>
    </Filter>
    <Filter Include="src\csv_parser">
      <UniqueIdentifier>{49174951-4200-48de-9899-05adacab4fa8}</UniqueIdentifier>
    </Filter>
    <Filter Include="files">
      <UniqueIdentifier>{67DA6AB6-F800-4c08-8B7A-83BB121AAD01}</UniqueIdentifier>
      <Extensions>rc;ico;cur;bmp;dlg;rc2;rct;bin;rgs;gif;jpg;jpeg;jpe;resx;tiff;tif;png;wav</Extensions>
    </Filter>
  </ItemGroup>
  <ItemGroup>
    <ClCompile Include="src\main.cpp">
      <Filter>src</Filter>
    </ClCompile>
    <ClCompile Include="src\csv_parser\csv_reader.cpp">
      <Filter>src\csv_parser</Filter>
    </ClCompile>
    <ClCompile Include="src\csv_parser\csv_writer.cpp">
      <Filter>src\csv_parser</Filter>
    </ClCompile>
    <ClCompile Include="src\csv_parser\csv_context.cpp">
      <Filter>src\csv_parser</Filter>
    </ClCompile>
  </ItemGroup>
  <ItemGroup>
    <None Include="files\HOTEL_MST.csv">
      <Filter>files</Filter>
    </None>
    <None Include="files\ROOM_MST.csv">
      <Filter>files</Filter>
    </None>
    <None Include="files\DISCOUNT_MST.csv">
      <Filter>files</Filter>
    </None>
    <None Include="files\ROOM_STATUS_MST.csv">
      <Filter>files</Filter>
    </None>
  </ItemGroup>
  <ItemGroup>
    <ClInclude Include="src\constants\constants.h">
      <Filter>src\constants</Filter>
    </ClInclude>
    <ClInclude Include="src\constants\messages.h">
      <Filter>src\constants</Filter>
    </ClInclude>
    <ClInclude Include="src\csv_parser\csv_constants.h">
      <Filter>src\csv_parser</Filter>
    </ClInclude>
    <ClInclude Include="src\csv_parser\csv_reader.h">
      <Filter>src\csv_parser</Filter>
    </ClInclude>
    <ClInclude Include="src\csv_parser\csv_writer.h">
      <Filter>src\csv_parser</Filter>
    </ClInclude>
    <ClInclude Include="src\csv_parser\csv_context.h">
      <Filter>src\csv_parser</Filter>
    </ClInclude>
    <ClInclude Include="src\constants\user_type.h">
      <Filter>src\constants</Filter>
    </ClInclude>
    <ClInclude Include="src\constants\data_relationship.h">
      <Filter>src\constants</Filter>
    </ClInclude>
  </ItemGroup>
</Project>